// !$*UTF8*$!
{
	archiveVersion = 1;
	classes = {
	};
	objectVersion = 56;
	objects = {

/* Begin PBXBuildFile section */
		CF35CD902A147150005DE783 /* lodepng.cpp in Sources */ = {isa = PBXBuildFile; fileRef = CF35CD8F2A147150005DE783 /* lodepng.cpp */; };
		CF35CD942A147203005DE783 /* lode.cpp in Sources */ = {isa = PBXBuildFile; fileRef = CF35CD922A147203005DE783 /* lode.cpp */; };
		CFA45F2929CAF99C00B51CED /* OpenGL.framework in Frameworks */ = {isa = PBXBuildFile; fileRef = CFA45F2829CAF99C00B51CED /* OpenGL.framework */; };
		CFA45F2B29CAF9B600B51CED /* GLUT.framework in Frameworks */ = {isa = PBXBuildFile; fileRef = CFA45F2A29CAF9B600B51CED /* GLUT.framework */; };
/* End PBXBuildFile section */

/* Begin PBXCopyFilesBuildPhase section */
		CFA45F1B29CAF68200B51CED /* CopyFiles */ = {
			isa = PBXCopyFilesBuildPhase;
			buildActionMask = 2147483647;
			dstPath = /usr/share/man/man1/;
			dstSubfolderSpec = 0;
			files = (
			);
			runOnlyForDeploymentPostprocessing = 1;
		};
/* End PBXCopyFilesBuildPhase section */

/* Begin PBXFileReference section */
		CF2802B02A033B5400C3F02E /* Alpha Blending.cpp */ = {isa = PBXFileReference; lastKnownFileType = sourcecode.cpp.cpp; path = "Alpha Blending.cpp"; sourceTree = "<group>"; };
		CF2802B22A033BA000C3F02E /* Light Example 1.cpp */ = {isa = PBXFileReference; lastKnownFileType = sourcecode.cpp.cpp; path = "Light Example 1.cpp"; sourceTree = "<group>"; };
		CF2802B42A033C3A00C3F02E /* Meterial Property.cpp */ = {isa = PBXFileReference; lastKnownFileType = sourcecode.cpp.cpp; path = "Meterial Property.cpp"; sourceTree = "<group>"; };
		CF2802B62A033E2600C3F02E /* Moving Lighting Example.cpp */ = {isa = PBXFileReference; lastKnownFileType = sourcecode.cpp.cpp; path = "Moving Lighting Example.cpp"; sourceTree = "<group>"; };
		CF2802B82A033E9200C3F02E /* Shading.cpp */ = {isa = PBXFileReference; lastKnownFileType = sourcecode.cpp.cpp; path = Shading.cpp; sourceTree = "<group>"; };
		CF321D3D29D03354009DC663 /* turkiye.cpp */ = {isa = PBXFileReference; lastKnownFileType = sourcecode.cpp.cpp; path = turkiye.cpp; sourceTree = "<group>"; };
		CF321D4129D04B49009DC663 /* Mouse Star.cpp */ = {isa = PBXFileReference; lastKnownFileType = sourcecode.cpp.cpp; path = "Mouse Star.cpp"; sourceTree = "<group>"; };
		CF35CD8F2A147150005DE783 /* lodepng.cpp */ = {isa = PBXFileReference; lastKnownFileType = sourcecode.cpp.cpp; path = lodepng.cpp; sourceTree = "<group>"; };
		CF35CD912A1471E6005DE783 /* lodepng.h */ = {isa = PBXFileReference; lastKnownFileType = sourcecode.c.h; path = lodepng.h; sourceTree = "<group>"; };
		CF35CD922A147203005DE783 /* lode.cpp */ = {isa = PBXFileReference; lastKnownFileType = sourcecode.cpp.cpp; path = lode.cpp; sourceTree = "<group>"; };
		CF42CF0F2A0BC09400302B88 /* OBJ Viewer.cpp */ = {isa = PBXFileReference; explicitFileType = sourcecode.cpp.cpp; path = "OBJ Viewer.cpp"; sourceTree = "<group>"; };
		CF4A99A229FA043800698249 /* Planet.cpp */ = {isa = PBXFileReference; lastKnownFileType = sourcecode.cpp.cpp; path = Planet.cpp; sourceTree = "<group>"; };
		CF4A99A429FA047E00698249 /* Pop-up Menu.cpp */ = {isa = PBXFileReference; lastKnownFileType = sourcecode.cpp.cpp; path = "Pop-up Menu.cpp"; sourceTree = "<group>"; };
		CF4A99A629FA04E500698249 /* Pop-up Sub Menu.cpp */ = {isa = PBXFileReference; lastKnownFileType = sourcecode.cpp.cpp; path = "Pop-up Sub Menu.cpp"; sourceTree = "<group>"; };
		CF4A99A829FA052000698249 /* RGB Color Cube.cpp */ = {isa = PBXFileReference; lastKnownFileType = sourcecode.cpp.cpp; path = "RGB Color Cube.cpp"; sourceTree = "<group>"; };
		CF4A99AA29FA05D800698249 /* Planet + Pop up.cpp */ = {isa = PBXFileReference; lastKnownFileType = sourcecode.cpp.cpp; path = "Planet + Pop up.cpp"; sourceTree = "<group>"; };
		CF6EA22D29D95EB1006D2A53 /* Korea.cpp */ = {isa = PBXFileReference; lastKnownFileType = sourcecode.cpp.cpp; path = Korea.cpp; sourceTree = "<group>"; };
		CFA45F1D29CAF68200B51CED /* Graphics */ = {isa = PBXFileReference; explicitFileType = "compiled.mach-o.executable"; includeInIndex = 0; path = Graphics; sourceTree = BUILT_PRODUCTS_DIR; };
		CFA45F2829CAF99C00B51CED /* OpenGL.framework */ = {isa = PBXFileReference; lastKnownFileType = wrapper.framework; name = OpenGL.framework; path = System/Library/Frameworks/OpenGL.framework; sourceTree = SDKROOT; };
		CFA45F2A29CAF9B600B51CED /* GLUT.framework */ = {isa = PBXFileReference; lastKnownFileType = wrapper.framework; name = GLUT.framework; path = System/Library/Frameworks/GLUT.framework; sourceTree = SDKROOT; };
		CFA45F2C29CAFF3700B51CED /* Square.cpp */ = {isa = PBXFileReference; lastKnownFileType = sourcecode.cpp.cpp; path = Square.cpp; sourceTree = "<group>"; usesTabs = 0; };
		CFA45F2E29CAFFB800B51CED /* Random Square.cpp */ = {isa = PBXFileReference; lastKnownFileType = sourcecode.cpp.cpp; path = "Random Square.cpp"; sourceTree = "<group>"; };
		CFA45F3129CB004900B51CED /* Two Triangle Star.cpp */ = {isa = PBXFileReference; lastKnownFileType = sourcecode.cpp.cpp; path = "Two Triangle Star.cpp"; sourceTree = "<group>"; };
		CFA45F3329CB00FF00B51CED /* Reshape_Key_Mouse Callback.cpp */ = {isa = PBXFileReference; lastKnownFileType = sourcecode.cpp.cpp; path = "Reshape_Key_Mouse Callback.cpp"; sourceTree = "<group>"; };
		CFA45F3529CB02A700B51CED /* Timer Callback.cpp */ = {isa = PBXFileReference; lastKnownFileType = sourcecode.cpp.cpp; path = "Timer Callback.cpp"; sourceTree = "<group>"; };
		CFA45F3729CB033600B51CED /* Idle Callback.cpp */ = {isa = PBXFileReference; lastKnownFileType = sourcecode.cpp.cpp; path = "Idle Callback.cpp"; sourceTree = "<group>"; };
		CFA45F3929CB038800B51CED /* Idle Star.cpp */ = {isa = PBXFileReference; lastKnownFileType = sourcecode.cpp.cpp; path = "Idle Star.cpp"; sourceTree = "<group>"; };
		CFD0E7AC29E78D170017EDFA /* Push Pop Matrix.cpp */ = {isa = PBXFileReference; lastKnownFileType = sourcecode.cpp.cpp; path = "Push Pop Matrix.cpp"; sourceTree = "<group>"; };
		CFD0E7AE29E78D810017EDFA /* Frustum Ortho.cpp */ = {isa = PBXFileReference; lastKnownFileType = sourcecode.cpp.cpp; path = "Frustum Ortho.cpp"; sourceTree = "<group>"; };
		CFD0E7B129E78DF20017EDFA /* Point Rotate.cpp */ = {isa = PBXFileReference; lastKnownFileType = sourcecode.cpp.cpp; path = "Point Rotate.cpp"; sourceTree = "<group>"; };
		CFD7596329DD8EF7001E286E /* Drawing Shapes.cpp */ = {isa = PBXFileReference; lastKnownFileType = sourcecode.cpp.cpp; path = "Drawing Shapes.cpp"; sourceTree = "<group>"; };
		CFD7596529DD900E001E286E /* Drawging Line.cpp */ = {isa = PBXFileReference; lastKnownFileType = sourcecode.cpp.cpp; path = "Drawging Line.cpp"; sourceTree = "<group>"; };
		CFD7596729DD90A7001E286E /* Viewport.cpp */ = {isa = PBXFileReference; lastKnownFileType = sourcecode.cpp.cpp; path = Viewport.cpp; sourceTree = "<group>"; };
		CFD7596929DD911F001E286E /* 3D Cube.cpp */ = {isa = PBXFileReference; lastKnownFileType = sourcecode.cpp.cpp; path = "3D Cube.cpp"; sourceTree = "<group>"; };
		CFD7596B29DD917E001E286E /* Camera Move.cpp */ = {isa = PBXFileReference; lastKnownFileType = sourcecode.cpp.cpp; path = "Camera Move.cpp"; sourceTree = "<group>"; };
		CFF4304E29EF74E500F990A5 /* Midterm.cpp */ = {isa = PBXFileReference; lastKnownFileType = sourcecode.cpp.cpp; path = Midterm.cpp; sourceTree = "<group>"; };
/* End PBXFileReference section */

/* Begin PBXFrameworksBuildPhase section */
		CFA45F1A29CAF68200B51CED /* Frameworks */ = {
			isa = PBXFrameworksBuildPhase;
			buildActionMask = 2147483647;
			files = (
				CFA45F2B29CAF9B600B51CED /* GLUT.framework in Frameworks */,
				CFA45F2929CAF99C00B51CED /* OpenGL.framework in Frameworks */,
			);
			runOnlyForDeploymentPostprocessing = 0;
		};
/* End PBXFrameworksBuildPhase section */

/* Begin PBXGroup section */
		CFA45F1429CAF68200B51CED = {
			isa = PBXGroup;
			children = (
				CFA45F1F29CAF68200B51CED /* Graphics */,
				CFA45F1E29CAF68200B51CED /* Products */,
				CFA45F2729CAF99C00B51CED /* Frameworks */,
			);
			sourceTree = "<group>";
		};
		CFA45F1E29CAF68200B51CED /* Products */ = {
			isa = PBXGroup;
			children = (
				CFA45F1D29CAF68200B51CED /* Graphics */,
			);
			name = Products;
			sourceTree = "<group>";
		};
		CFA45F1F29CAF68200B51CED /* Graphics */ = {
			isa = PBXGroup;
			children = (
				CFA45F2C29CAFF3700B51CED /* Square.cpp */,
				CFA45F2E29CAFFB800B51CED /* Random Square.cpp */,
				CFA45F3129CB004900B51CED /* Two Triangle Star.cpp */,
				CFA45F3329CB00FF00B51CED /* Reshape_Key_Mouse Callback.cpp */,
				CFA45F3529CB02A700B51CED /* Timer Callback.cpp */,
				CFA45F3729CB033600B51CED /* Idle Callback.cpp */,
				CFA45F3929CB038800B51CED /* Idle Star.cpp */,
				CF321D3D29D03354009DC663 /* turkiye.cpp */,
				CF321D4129D04B49009DC663 /* Mouse Star.cpp */,
				CF6EA22D29D95EB1006D2A53 /* Korea.cpp */,
				CFD7596329DD8EF7001E286E /* Drawing Shapes.cpp */,
				CFD7596529DD900E001E286E /* Drawging Line.cpp */,
				CFD7596729DD90A7001E286E /* Viewport.cpp */,
				CFD7596929DD911F001E286E /* 3D Cube.cpp */,
				CFD7596B29DD917E001E286E /* Camera Move.cpp */,
				CFD0E7AC29E78D170017EDFA /* Push Pop Matrix.cpp */,
				CFD0E7AE29E78D810017EDFA /* Frustum Ortho.cpp */,
				CFD0E7B129E78DF20017EDFA /* Point Rotate.cpp */,
				CFF4304E29EF74E500F990A5 /* Midterm.cpp */,
				CF4A99A229FA043800698249 /* Planet.cpp */,
				CF4A99A429FA047E00698249 /* Pop-up Menu.cpp */,
				CF4A99A629FA04E500698249 /* Pop-up Sub Menu.cpp */,
				CF4A99A829FA052000698249 /* RGB Color Cube.cpp */,
				CF4A99AA29FA05D800698249 /* Planet + Pop up.cpp */,
				CF2802B02A033B5400C3F02E /* Alpha Blending.cpp */,
				CF2802B22A033BA000C3F02E /* Light Example 1.cpp */,
				CF2802B42A033C3A00C3F02E /* Meterial Property.cpp */,
				CF2802B62A033E2600C3F02E /* Moving Lighting Example.cpp */,
				CF2802B82A033E9200C3F02E /* Shading.cpp */,
				CF42CF0F2A0BC09400302B88 /* OBJ Viewer.cpp */,
				CF35CD8F2A147150005DE783 /* lodepng.cpp */,
				CF35CD912A1471E6005DE783 /* lodepng.h */,
				CF35CD922A147203005DE783 /* lode.cpp */,
			);
			path = Graphics;
			sourceTree = "<group>";
		};
		CFA45F2729CAF99C00B51CED /* Frameworks */ = {
			isa = PBXGroup;
			children = (
				CFA45F2A29CAF9B600B51CED /* GLUT.framework */,
				CFA45F2829CAF99C00B51CED /* OpenGL.framework */,
			);
			name = Frameworks;
			sourceTree = "<group>";
		};
/* End PBXGroup section */

/* Begin PBXNativeTarget section */
		CFA45F1C29CAF68200B51CED /* Graphics */ = {
			isa = PBXNativeTarget;
			buildConfigurationList = CFA45F2429CAF68200B51CED /* Build configuration list for PBXNativeTarget "Graphics" */;
			buildPhases = (
				CFA45F1929CAF68200B51CED /* Sources */,
				CFA45F1A29CAF68200B51CED /* Frameworks */,
				CFA45F1B29CAF68200B51CED /* CopyFiles */,
			);
			buildRules = (
			);
			dependencies = (
			);
			name = Graphics;
			productName = Greenday;
			productReference = CFA45F1D29CAF68200B51CED /* Graphics */;
			productType = "com.apple.product-type.tool";
		};
/* End PBXNativeTarget section */

/* Begin PBXProject section */
		CFA45F1529CAF68200B51CED /* Project object */ = {
			isa = PBXProject;
			attributes = {
				BuildIndependentTargetsInParallel = 1;
				LastUpgradeCheck = 1420;
				TargetAttributes = {
					CFA45F1C29CAF68200B51CED = {
						CreatedOnToolsVersion = 14.2;
					};
				};
			};
			buildConfigurationList = CFA45F1829CAF68200B51CED /* Build configuration list for PBXProject "Graphics" */;
			compatibilityVersion = "Xcode 14.0";
			developmentRegion = en;
			hasScannedForEncodings = 0;
			knownRegions = (
				en,
				Base,
			);
			mainGroup = CFA45F1429CAF68200B51CED;
			productRefGroup = CFA45F1E29CAF68200B51CED /* Products */;
			projectDirPath = "";
			projectRoot = "";
			targets = (
				CFA45F1C29CAF68200B51CED /* Graphics */,
			);
		};
/* End PBXProject section */

/* Begin PBXSourcesBuildPhase section */
		CFA45F1929CAF68200B51CED /* Sources */ = {
			isa = PBXSourcesBuildPhase;
			buildActionMask = 2147483647;
			files = (
				CF35CD902A147150005DE783 /* lodepng.cpp in Sources */,
				CF35CD942A147203005DE783 /* lode.cpp in Sources */,
			);
			runOnlyForDeploymentPostprocessing = 0;
		};
/* End PBXSourcesBuildPhase section */

/* Begin XCBuildConfiguration section */
		CFA45F2229CAF68200B51CED /* Debug */ = {
			isa = XCBuildConfiguration;
			buildSettings = {
				ALWAYS_SEARCH_USER_PATHS = NO;
				CLANG_ANALYZER_NONNULL = YES;
				CLANG_ANALYZER_NUMBER_OBJECT_CONVERSION = YES_AGGRESSIVE;
				CLANG_CXX_LANGUAGE_STANDARD = "gnu++20";
				CLANG_ENABLE_MODULES = YES;
				CLANG_ENABLE_OBJC_ARC = YES;
				CLANG_ENABLE_OBJC_WEAK = YES;
				CLANG_WARN_BLOCK_CAPTURE_AUTORELEASING = YES;
				CLANG_WARN_BOOL_CONVERSION = YES;
				CLANG_WARN_COMMA = YES;
				CLANG_WARN_CONSTANT_CONVERSION = YES;
				CLANG_WARN_DEPRECATED_OBJC_IMPLEMENTATIONS = YES;
				CLANG_WARN_DIRECT_OBJC_ISA_USAGE = YES_ERROR;
				CLANG_WARN_DOCUMENTATION_COMMENTS = YES;
				CLANG_WARN_EMPTY_BODY = YES;
				CLANG_WARN_ENUM_CONVERSION = YES;
				CLANG_WARN_INFINITE_RECURSION = YES;
				CLANG_WARN_INT_CONVERSION = YES;
				CLANG_WARN_NON_LITERAL_NULL_CONVERSION = YES;
				CLANG_WARN_OBJC_IMPLICIT_RETAIN_SELF = YES;
				CLANG_WARN_OBJC_LITERAL_CONVERSION = YES;
				CLANG_WARN_OBJC_ROOT_CLASS = YES_ERROR;
				CLANG_WARN_QUOTED_INCLUDE_IN_FRAMEWORK_HEADER = YES;
				CLANG_WARN_RANGE_LOOP_ANALYSIS = YES;
				CLANG_WARN_STRICT_PROTOTYPES = YES;
				CLANG_WARN_SUSPICIOUS_MOVE = YES;
				CLANG_WARN_UNGUARDED_AVAILABILITY = YES_AGGRESSIVE;
				CLANG_WARN_UNREACHABLE_CODE = YES;
				CLANG_WARN__DUPLICATE_METHOD_MATCH = YES;
				COPY_PHASE_STRIP = NO;
				DEBUG_INFORMATION_FORMAT = dwarf;
				ENABLE_STRICT_OBJC_MSGSEND = YES;
				ENABLE_TESTABILITY = YES;
				GCC_C_LANGUAGE_STANDARD = gnu11;
				GCC_DYNAMIC_NO_PIC = NO;
				GCC_NO_COMMON_BLOCKS = YES;
				GCC_OPTIMIZATION_LEVEL = 0;
				GCC_PREPROCESSOR_DEFINITIONS = (
					"DEBUG=1",
					"$(inherited)",
				);
				GCC_WARN_64_TO_32_BIT_CONVERSION = YES;
				GCC_WARN_ABOUT_RETURN_TYPE = YES_ERROR;
				GCC_WARN_UNDECLARED_SELECTOR = YES;
				GCC_WARN_UNINITIALIZED_AUTOS = YES_AGGRESSIVE;
				GCC_WARN_UNUSED_FUNCTION = YES;
				GCC_WARN_UNUSED_VARIABLE = YES;
				MACOSX_DEPLOYMENT_TARGET = 13.1;
				MTL_ENABLE_DEBUG_INFO = INCLUDE_SOURCE;
				MTL_FAST_MATH = YES;
				ONLY_ACTIVE_ARCH = YES;
				SDKROOT = macosx;
			};
			name = Debug;
		};
		CFA45F2329CAF68200B51CED /* Release */ = {
			isa = XCBuildConfiguration;
			buildSettings = {
				ALWAYS_SEARCH_USER_PATHS = NO;
				CLANG_ANALYZER_NONNULL = YES;
				CLANG_ANALYZER_NUMBER_OBJECT_CONVERSION = YES_AGGRESSIVE;
				CLANG_CXX_LANGUAGE_STANDARD = "gnu++20";
				CLANG_ENABLE_MODULES = YES;
				CLANG_ENABLE_OBJC_ARC = YES;
				CLANG_ENABLE_OBJC_WEAK = YES;
				CLANG_WARN_BLOCK_CAPTURE_AUTORELEASING = YES;
				CLANG_WARN_BOOL_CONVERSION = YES;
				CLANG_WARN_COMMA = YES;
				CLANG_WARN_CONSTANT_CONVERSION = YES;
				CLANG_WARN_DEPRECATED_OBJC_IMPLEMENTATIONS = YES;
				CLANG_WARN_DIRECT_OBJC_ISA_USAGE = YES_ERROR;
				CLANG_WARN_DOCUMENTATION_COMMENTS = YES;
				CLANG_WARN_EMPTY_BODY = YES;
				CLANG_WARN_ENUM_CONVERSION = YES;
				CLANG_WARN_INFINITE_RECURSION = YES;
				CLANG_WARN_INT_CONVERSION = YES;
				CLANG_WARN_NON_LITERAL_NULL_CONVERSION = YES;
				CLANG_WARN_OBJC_IMPLICIT_RETAIN_SELF = YES;
				CLANG_WARN_OBJC_LITERAL_CONVERSION = YES;
				CLANG_WARN_OBJC_ROOT_CLASS = YES_ERROR;
				CLANG_WARN_QUOTED_INCLUDE_IN_FRAMEWORK_HEADER = YES;
				CLANG_WARN_RANGE_LOOP_ANALYSIS = YES;
				CLANG_WARN_STRICT_PROTOTYPES = YES;
				CLANG_WARN_SUSPICIOUS_MOVE = YES;
				CLANG_WARN_UNGUARDED_AVAILABILITY = YES_AGGRESSIVE;
				CLANG_WARN_UNREACHABLE_CODE = YES;
				CLANG_WARN__DUPLICATE_METHOD_MATCH = YES;
				COPY_PHASE_STRIP = NO;
				DEBUG_INFORMATION_FORMAT = "dwarf-with-dsym";
				ENABLE_NS_ASSERTIONS = NO;
				ENABLE_STRICT_OBJC_MSGSEND = YES;
				GCC_C_LANGUAGE_STANDARD = gnu11;
				GCC_NO_COMMON_BLOCKS = YES;
				GCC_WARN_64_TO_32_BIT_CONVERSION = YES;
				GCC_WARN_ABOUT_RETURN_TYPE = YES_ERROR;
				GCC_WARN_UNDECLARED_SELECTOR = YES;
				GCC_WARN_UNINITIALIZED_AUTOS = YES_AGGRESSIVE;
				GCC_WARN_UNUSED_FUNCTION = YES;
				GCC_WARN_UNUSED_VARIABLE = YES;
				MACOSX_DEPLOYMENT_TARGET = 13.1;
				MTL_ENABLE_DEBUG_INFO = NO;
				MTL_FAST_MATH = YES;
				SDKROOT = macosx;
			};
			name = Release;
		};
		CFA45F2529CAF68200B51CED /* Debug */ = {
			isa = XCBuildConfiguration;
			buildSettings = {
				CODE_SIGN_STYLE = Automatic;
				PRODUCT_NAME = "$(TARGET_NAME)";
			};
			name = Debug;
		};
		CFA45F2629CAF68200B51CED /* Release */ = {
			isa = XCBuildConfiguration;
			buildSettings = {
				CODE_SIGN_STYLE = Automatic;
				PRODUCT_NAME = "$(TARGET_NAME)";
			};
			name = Release;
		};
/* End XCBuildConfiguration section */

/* Begin XCConfigurationList section */
		CFA45F1829CAF68200B51CED /* Build configuration list for PBXProject "Graphics" */ = {
			isa = XCConfigurationList;
			buildConfigurations = (
				CFA45F2229CAF68200B51CED /* Debug */,
				CFA45F2329CAF68200B51CED /* Release */,
			);
			defaultConfigurationIsVisible = 0;
			defaultConfigurationName = Release;
		};
		CFA45F2429CAF68200B51CED /* Build configuration list for PBXNativeTarget "Graphics" */ = {
			isa = XCConfigurationList;
			buildConfigurations = (
				CFA45F2529CAF68200B51CED /* Debug */,
				CFA45F2629CAF68200B51CED /* Release */,
			);
			defaultConfigurationIsVisible = 0;
			defaultConfigurationName = Release;
		};
/* End XCConfigurationList section */
	};
	rootObject = CFA45F1529CAF68200B51CED /* Project object */;
}
